
Microsoft Visual Studio Solution File, Format Version 12.00
# Visual Studio 14
VisualStudioVersion = 14.0.23107.0
MinimumVisualStudioVersion = 10.0.40219.1
Project("{FAE04EC0-301F-11D3-BF4B-00C04F79EFBC}") = "Autofac.Extras.Alternatives", "Autofac.Extras.Alternatives\Autofac.Extras.Alternatives.csproj", "{EA54C1D6-F7A2-4C0F-95D5-8DE8E5B62A78}"
EndProject
Project("{2150E333-8FDC-42A3-9474-1A3956D46DE8}") = "Solution Items", "Solution Items", "{C03FEBC8-67BE-427F-94E3-2B6D3FDF9D00}"
	ProjectSection(SolutionItems) = preProject
		.gitignore = .gitignore
		LICENSE = LICENSE
		README.md = README.md
	EndProjectSection
EndProject
Project("{FAE04EC0-301F-11D3-BF4B-00C04F79EFBC}") = "Tests.Unit", "Tests.Unit\Tests.Unit.csproj", "{251A5FA3-78B5-4558-8CD7-0F0D106D353B}"
EndProject
Project("{FF286327-C783-4F7A-AB73-9BCBAD0D4460}") = "Autofac.Extras.Alternatives.Package", "Autofac.Extras.Alternatives.Package\Autofac.Extras.Alternatives.Package.nuproj", "{6BC5CA2F-B1BF-4448-A023-83009CB7A31B}"
EndProject
Project("{2150E333-8FDC-42A3-9474-1A3956D46DE8}") = ".build", ".build", "{014270F8-2685-4489-927B-7BDDE1542C95}"
EndProject
Project("{2150E333-8FDC-42A3-9474-1A3956D46DE8}") = "NuProj", "NuProj", "{DD883C66-0A38-4E67-B66C-0A02164F79AA}"
	ProjectSection(SolutionItems) = preProject
		.build\NuProj\Microsoft.Common.NuProj.targets = .build\NuProj\Microsoft.Common.NuProj.targets
		.build\NuProj\Microsoft.Web.XmlTransform.dll = .build\NuProj\Microsoft.Web.XmlTransform.dll
		.build\NuProj\NuGet.Core.dll = .build\NuProj\NuGet.Core.dll
		.build\NuProj\NuGet.exe = .build\NuProj\NuGet.exe
		.build\NuProj\NuProj.props = .build\NuProj\NuProj.props
		.build\NuProj\NuProj.targets = .build\NuProj\NuProj.targets
		.build\NuProj\NuProj.Tasks.dll = .build\NuProj\NuProj.Tasks.dll
	EndProjectSection
EndProject
Project("{2150E333-8FDC-42A3-9474-1A3956D46DE8}") = "Rules", "Rules", "{10DED0B1-95C1-47DA-AD9F-CBE9CDCA547A}"
	ProjectSection(SolutionItems) = preProject
		.build\NuProj\Rules\content.xaml = .build\NuProj\Rules\content.xaml
		.build\NuProj\Rules\folder.xaml = .build\NuProj\Rules\folder.xaml
		.build\NuProj\Rules\general.browseobject.xaml = .build\NuProj\Rules\general.browseobject.xaml
		.build\NuProj\Rules\general.xaml = .build\NuProj\Rules\general.xaml
		.build\NuProj\Rules\none.xaml = .build\NuProj\Rules\none.xaml
		.build\NuProj\Rules\ProjectItemsSchema.xaml = .build\NuProj\Rules\ProjectItemsSchema.xaml
		.build\NuProj\Rules\ProjectReference.xaml = .build\NuProj\Rules\ProjectReference.xaml
		.build\NuProj\Rules\ResolvedProjectReference.xaml = .build\NuProj\Rules\ResolvedProjectReference.xaml
		.build\NuProj\Rules\scc.xaml = .build\NuProj\Rules\scc.xaml
	EndProjectSection
EndProject
Global
	GlobalSection(SolutionConfigurationPlatforms) = preSolution
		Debug|Any CPU = Debug|Any CPU
		Package|Any CPU = Package|Any CPU
		Release|Any CPU = Release|Any CPU
	EndGlobalSection
	GlobalSection(ProjectConfigurationPlatforms) = postSolution
		{EA54C1D6-F7A2-4C0F-95D5-8DE8E5B62A78}.Debug|Any CPU.ActiveCfg = Debug|Any CPU
		{EA54C1D6-F7A2-4C0F-95D5-8DE8E5B62A78}.Debug|Any CPU.Build.0 = Debug|Any CPU
		{EA54C1D6-F7A2-4C0F-95D5-8DE8E5B62A78}.Package|Any CPU.ActiveCfg = Package|Any CPU
		{EA54C1D6-F7A2-4C0F-95D5-8DE8E5B62A78}.Package|Any CPU.Build.0 = Package|Any CPU
		{EA54C1D6-F7A2-4C0F-95D5-8DE8E5B62A78}.Release|Any CPU.ActiveCfg = Release|Any CPU
		{EA54C1D6-F7A2-4C0F-95D5-8DE8E5B62A78}.Release|Any CPU.Build.0 = Release|Any CPU
		{251A5FA3-78B5-4558-8CD7-0F0D106D353B}.Debug|Any CPU.ActiveCfg = Debug|Any CPU
		{251A5FA3-78B5-4558-8CD7-0F0D106D353B}.Debug|Any CPU.Build.0 = Debug|Any CPU
		{251A5FA3-78B5-4558-8CD7-0F0D106D353B}.Package|Any CPU.ActiveCfg = Package|Any CPU
		{251A5FA3-78B5-4558-8CD7-0F0D106D353B}.Package|Any CPU.Build.0 = Package|Any CPU
		{251A5FA3-78B5-4558-8CD7-0F0D106D353B}.Release|Any CPU.ActiveCfg = Release|Any CPU
		{251A5FA3-78B5-4558-8CD7-0F0D106D353B}.Release|Any CPU.Build.0 = Release|Any CPU
		{6BC5CA2F-B1BF-4448-A023-83009CB7A31B}.Debug|Any CPU.ActiveCfg = Debug|Any CPU
		{6BC5CA2F-B1BF-4448-A023-83009CB7A31B}.Package|Any CPU.ActiveCfg = Package|Any CPU
		{6BC5CA2F-B1BF-4448-A023-83009CB7A31B}.Package|Any CPU.Build.0 = Package|Any CPU
		{6BC5CA2F-B1BF-4448-A023-83009CB7A31B}.Release|Any CPU.ActiveCfg = Release|Any CPU
	EndGlobalSection
	GlobalSection(SolutionProperties) = preSolution
		HideSolutionNode = FALSE
	EndGlobalSection
	GlobalSection(NestedProjects) = preSolution
		{DD883C66-0A38-4E67-B66C-0A02164F79AA} = {014270F8-2685-4489-927B-7BDDE1542C95}
		{10DED0B1-95C1-47DA-AD9F-CBE9CDCA547A} = {DD883C66-0A38-4E67-B66C-0A02164F79AA}
	EndGlobalSection
EndGlobal
